
Microsoft Visual Studio Solution File, Format Version 12.00
# Visual Studio Version 17
VisualStudioVersion = 17.7.34024.191
MinimumVisualStudioVersion = 10.0.40219.1
Project("{9A19103F-16F7-4668-BE54-9A1E7A4F7556}") = "Lab2", "Homework2\Lab2.csproj", "{4566DF97-B1DD-443D-8A83-E6331DC5AD3E}"
EndProject
Project("{FAE04EC0-301F-11D3-BF4B-00C04F79EFBC}") = "lab3", "lab3\lab3.csproj", "{7C50BE20-2679-4F7F-A6F8-85C54947591A}"
EndProject
Project("{FAE04EC0-301F-11D3-BF4B-00C04F79EFBC}") = "exercises", "exercises\exercises.csproj", "{AA1F2FC8-FD99-4C13-8BE5-4D73325C4D53}"
EndProject
Global
	GlobalSection(SolutionConfigurationPlatforms) = preSolution
		Debug|Any CPU = Debug|Any CPU
		Release|Any CPU = Release|Any CPU
	EndGlobalSection
	GlobalSection(ProjectConfigurationPlatforms) = postSolution
		{4566DF97-B1DD-443D-8A83-E6331DC5AD3E}.Debug|Any CPU.ActiveCfg = Debug|Any CPU
		{4566DF97-B1DD-443D-8A83-E6331DC5AD3E}.Debug|Any CPU.Build.0 = Debug|Any CPU
		{4566DF97-B1DD-443D-8A83-E6331DC5AD3E}.Release|Any CPU.ActiveCfg = Release|Any CPU
		{4566DF97-B1DD-443D-8A83-E6331DC5AD3E}.Release|Any CPU.Build.0 = Release|Any CPU
		{7C50BE20-2679-4F7F-A6F8-85C54947591A}.Debug|Any CPU.ActiveCfg = Debug|Any CPU
		{7C50BE20-2679-4F7F-A6F8-85C54947591A}.Debug|Any CPU.Build.0 = Debug|Any CPU
		{7C50BE20-2679-4F7F-A6F8-85C54947591A}.Release|Any CPU.ActiveCfg = Release|Any CPU
		{7C50BE20-2679-4F7F-A6F8-85C54947591A}.Release|Any CPU.Build.0 = Release|Any CPU
		{AA1F2FC8-FD99-4C13-8BE5-4D73325C4D53}.Debug|Any CPU.ActiveCfg = Debug|Any CPU
		{AA1F2FC8-FD99-4C13-8BE5-4D73325C4D53}.Debug|Any CPU.Build.0 = Debug|Any CPU
		{AA1F2FC8-FD99-4C13-8BE5-4D73325C4D53}.Release|Any CPU.ActiveCfg = Release|Any CPU
		{AA1F2FC8-FD99-4C13-8BE5-4D73325C4D53}.Release|Any CPU.Build.0 = Release|Any CPU
	EndGlobalSection
	GlobalSection(SolutionProperties) = preSolution
		HideSolutionNode = FALSE
	EndGlobalSection
	GlobalSection(ExtensibilityGlobals) = postSolution
		SolutionGuid = {384244EA-DE56-489F-A6F1-C5387BA23C14}
	EndGlobalSection
EndGlobal
